
Microsoft Visual Studio Solution File, Format Version 11.00
# Visual Studio 2010
# SharpDevelop 5.1
Project("{FAE04EC0-301F-11D3-BF4B-00C04F79EFBC}") = "Server_DoorOpen", "Server_DoorOpen.csproj", "{F55C528F-330E-4763-91CD-92DDB29F3075}"
EndProject
Global
	GlobalSection(SolutionConfigurationPlatforms) = preSolution
		Debug|Any CPU = Debug|Any CPU
		Release|Any CPU = Release|Any CPU
	EndGlobalSection
	GlobalSection(ProjectConfigurationPlatforms) = postSolution
		{F55C528F-330E-4763-91CD-92DDB29F3075}.Debug|Any CPU.ActiveCfg = Debug|Any CPU
		{F55C528F-330E-4763-91CD-92DDB29F3075}.Debug|Any CPU.Build.0 = Debug|Any CPU
		{F55C528F-330E-4763-91CD-92DDB29F3075}.Release|Any CPU.ActiveCfg = Release|Any CPU
		{F55C528F-330E-4763-91CD-92DDB29F3075}.Release|Any CPU.Build.0 = Release|Any CPU
	EndGlobalSection
EndGlobal
